// !$*UTF8*$!
{
	archiveVersion = 1;
	classes = {
	};
	objectVersion = 55;
	objects = {

/* Begin PBXBuildFile section */
		F56EFB3A2790AA7200F2A517 /* AppDelegate.swift in Sources */ = {isa = PBXBuildFile; fileRef = F56EFB392790AA7200F2A517 /* AppDelegate.swift */; };
		F56EFB3C2790AA7200F2A517 /* SceneDelegate.swift in Sources */ = {isa = PBXBuildFile; fileRef = F56EFB3B2790AA7200F2A517 /* SceneDelegate.swift */; };
		F56EFB3E2790AA7200F2A517 /* ViewController.swift in Sources */ = {isa = PBXBuildFile; fileRef = F56EFB3D2790AA7200F2A517 /* ViewController.swift */; };
		F56EFB412790AA7200F2A517 /* Main.storyboard in Resources */ = {isa = PBXBuildFile; fileRef = F56EFB3F2790AA7200F2A517 /* Main.storyboard */; };
		F56EFB432790AA7500F2A517 /* Assets.xcassets in Resources */ = {isa = PBXBuildFile; fileRef = F56EFB422790AA7500F2A517 /* Assets.xcassets */; };
		F56EFB462790AA7500F2A517 /* LaunchScreen.storyboard in Resources */ = {isa = PBXBuildFile; fileRef = F56EFB442790AA7500F2A517 /* LaunchScreen.storyboard */; };
		F56EFB512790AA7500F2A517 /* Tip_Calculator_AppTests.swift in Sources */ = {isa = PBXBuildFile; fileRef = F56EFB502790AA7500F2A517 /* Tip_Calculator_AppTests.swift */; };
		F56EFB5B2790AA7500F2A517 /* Tip_Calculator_AppUITests.swift in Sources */ = {isa = PBXBuildFile; fileRef = F56EFB5A2790AA7500F2A517 /* Tip_Calculator_AppUITests.swift */; };
		F56EFB5D2790AA7500F2A517 /* Tip_Calculator_AppUITestsLaunchTests.swift in Sources */ = {isa = PBXBuildFile; fileRef = F56EFB5C2790AA7500F2A517 /* Tip_Calculator_AppUITestsLaunchTests.swift */; };
/* End PBXBuildFile section */

/* Begin PBXContainerItemProxy section */
		F56EFB4D2790AA7500F2A517 /* PBXContainerItemProxy */ = {
			isa = PBXContainerItemProxy;
			containerPortal = F56EFB2E2790AA7200F2A517 /* Project object */;
			proxyType = 1;
			remoteGlobalIDString = F56EFB352790AA7200F2A517;
			remoteInfo = "Tip Calculator App";
		};
		F56EFB572790AA7500F2A517 /* PBXContainerItemProxy */ = {
			isa = PBXContainerItemProxy;
			containerPortal = F56EFB2E2790AA7200F2A517 /* Project object */;
			proxyType = 1;
			remoteGlobalIDString = F56EFB352790AA7200F2A517;
			remoteInfo = "Tip Calculator App";
		};
/* End PBXContainerItemProxy section */

/* Begin PBXFileReference section */
		F56EFB362790AA7200F2A517 /* Tip Calculator App.app */ = {isa = PBXFileReference; explicitFileType = wrapper.application; includeInIndex = 0; path = "Tip Calculator App.app"; sourceTree = BUILT_PRODUCTS_DIR; };
		F56EFB392790AA7200F2A517 /* AppDelegate.swift */ = {isa = PBXFileReference; lastKnownFileType = sourcecode.swift; path = AppDelegate.swift; sourceTree = "<group>"; };
		F56EFB3B2790AA7200F2A517 /* SceneDelegate.swift */ = {isa = PBXFileReference; lastKnownFileType = sourcecode.swift; path = SceneDelegate.swift; sourceTree = "<group>"; };
		F56EFB3D2790AA7200F2A517 /* ViewController.swift */ = {isa = PBXFileReference; lastKnownFileType = sourcecode.swift; path = ViewController.swift; sourceTree = "<group>"; };
		F56EFB402790AA7200F2A517 /* Base */ = {isa = PBXFileReference; lastKnownFileType = file.storyboard; name = Base; path = Base.lproj/Main.storyboard; sourceTree = "<group>"; };
		F56EFB422790AA7500F2A517 /* Assets.xcassets */ = {isa = PBXFileReference; lastKnownFileType = folder.assetcatalog; path = Assets.xcassets; sourceTree = "<group>"; };
		F56EFB452790AA7500F2A517 /* Base */ = {isa = PBXFileReference; lastKnownFileType = file.storyboard; name = Base; path = Base.lproj/LaunchScreen.storyboard; sourceTree = "<group>"; };
		F56EFB472790AA7500F2A517 /* Info.plist */ = {isa = PBXFileReference; lastKnownFileType = text.plist.xml; path = Info.plist; sourceTree = "<group>"; };
		F56EFB4C2790AA7500F2A517 /* Tip Calculator AppTests.xctest */ = {isa = PBXFileReference; explicitFileType = wrapper.cfbundle; includeInIndex = 0; path = "Tip Calculator AppTests.xctest"; sourceTree = BUILT_PRODUCTS_DIR; };
		F56EFB502790AA7500F2A517 /* Tip_Calculator_AppTests.swift */ = {isa = PBXFileReference; lastKnownFileType = sourcecode.swift; path = Tip_Calculator_AppTests.swift; sourceTree = "<group>"; };
		F56EFB562790AA7500F2A517 /* Tip Calculator AppUITests.xctest */ = {isa = PBXFileReference; explicitFileType = wrapper.cfbundle; includeInIndex = 0; path = "Tip Calculator AppUITests.xctest"; sourceTree = BUILT_PRODUCTS_DIR; };
		F56EFB5A2790AA7500F2A517 /* Tip_Calculator_AppUITests.swift */ = {isa = PBXFileReference; lastKnownFileType = sourcecode.swift; path = Tip_Calculator_AppUITests.swift; sourceTree = "<group>"; };
		F56EFB5C2790AA7500F2A517 /* Tip_Calculator_AppUITestsLaunchTests.swift */ = {isa = PBXFileReference; lastKnownFileType = sourcecode.swift; path = Tip_Calculator_AppUITestsLaunchTests.swift; sourceTree = "<group>"; };
/* End PBXFileReference section */

/* Begin PBXFrameworksBuildPhase section */
		F56EFB332790AA7200F2A517 /* Frameworks */ = {
			isa = PBXFrameworksBuildPhase;
			buildActionMask = 2147483647;
			files = (
			);
			runOnlyForDeploymentPostprocessing = 0;
		};
		F56EFB492790AA7500F2A517 /* Frameworks */ = {
			isa = PBXFrameworksBuildPhase;
			buildActionMask = 2147483647;
			files = (
			);
			runOnlyForDeploymentPostprocessing = 0;
		};
		F56EFB532790AA7500F2A517 /* Frameworks */ = {
			isa = PBXFrameworksBuildPhase;
			buildActionMask = 2147483647;
			files = (
			);
			runOnlyForDeploymentPostprocessing = 0;
		};
/* End PBXFrameworksBuildPhase section */

/* Begin PBXGroup section */
		F56EFB2D2790AA7200F2A517 = {
			isa = PBXGroup;
			children = (
				F56EFB382790AA7200F2A517 /* Tip Calculator App */,
				F56EFB4F2790AA7500F2A517 /* Tip Calculator AppTests */,
				F56EFB592790AA7500F2A517 /* Tip Calculator AppUITests */,
				F56EFB372790AA7200F2A517 /* Products */,
			);
			sourceTree = "<group>";
		};
		F56EFB372790AA7200F2A517 /* Products */ = {
			isa = PBXGroup;
			children = (
				F56EFB362790AA7200F2A517 /* Tip Calculator App.app */,
				F56EFB4C2790AA7500F2A517 /* Tip Calculator AppTests.xctest */,
				F56EFB562790AA7500F2A517 /* Tip Calculator AppUITests.xctest */,
			);
			name = Products;
			sourceTree = "<group>";
		};
		F56EFB382790AA7200F2A517 /* Tip Calculator App */ = {
			isa = PBXGroup;
			children = (
				F56EFB392790AA7200F2A517 /* AppDelegate.swift */,
				F56EFB3B2790AA7200F2A517 /* SceneDelegate.swift */,
				F56EFB3D2790AA7200F2A517 /* ViewController.swift */,
				F56EFB3F2790AA7200F2A517 /* Main.storyboard */,
				F56EFB422790AA7500F2A517 /* Assets.xcassets */,
				F56EFB442790AA7500F2A517 /* LaunchScreen.storyboard */,
				F56EFB472790AA7500F2A517 /* Info.plist */,
			);
			path = "Tip Calculator App";
			sourceTree = "<group>";
		};
		F56EFB4F2790AA7500F2A517 /* Tip Calculator AppTests */ = {
			isa = PBXGroup;
			children = (
				F56EFB502790AA7500F2A517 /* Tip_Calculator_AppTests.swift */,
			);
			path = "Tip Calculator AppTests";
			sourceTree = "<group>";
		};
		F56EFB592790AA7500F2A517 /* Tip Calculator AppUITests */ = {
			isa = PBXGroup;
			children = (
				F56EFB5A2790AA7500F2A517 /* Tip_Calculator_AppUITests.swift */,
				F56EFB5C2790AA7500F2A517 /* Tip_Calculator_AppUITestsLaunchTests.swift */,
			);
			path = "Tip Calculator AppUITests";
			sourceTree = "<group>";
		};
/* End PBXGroup section */

/* Begin PBXNativeTarget section */
		F56EFB352790AA7200F2A517 /* Tip Calculator App */ = {
			isa = PBXNativeTarget;
			buildConfigurationList = F56EFB602790AA7500F2A517 /* Build configuration list for PBXNativeTarget "Tip Calculator App" */;
			buildPhases = (
				F56EFB322790AA7200F2A517 /* Sources */,
				F56EFB332790AA7200F2A517 /* Frameworks */,
				F56EFB342790AA7200F2A517 /* Resources */,
			);
			buildRules = (
			);
			dependencies = (
			);
			name = "Tip Calculator App";
			productName = "Tip Calculator App";
			productReference = F56EFB362790AA7200F2A517 /* Tip Calculator App.app */;
			productType = "com.apple.product-type.application";
		};
		F56EFB4B2790AA7500F2A517 /* Tip Calculator AppTests */ = {
			isa = PBXNativeTarget;
			buildConfigurationList = F56EFB632790AA7500F2A517 /* Build configuration list for PBXNativeTarget "Tip Calculator AppTests" */;
			buildPhases = (
				F56EFB482790AA7500F2A517 /* Sources */,
				F56EFB492790AA7500F2A517 /* Frameworks */,
				F56EFB4A2790AA7500F2A517 /* Resources */,
			);
			buildRules = (
			);
			dependencies = (
				F56EFB4E2790AA7500F2A517 /* PBXTargetDependency */,
			);
			name = "Tip Calculator AppTests";
			productName = "Tip Calculator AppTests";
			productReference = F56EFB4C2790AA7500F2A517 /* Tip Calculator AppTests.xctest */;
			productType = "com.apple.product-type.bundle.unit-test";
		};
		F56EFB552790AA7500F2A517 /* Tip Calculator AppUITests */ = {
			isa = PBXNativeTarget;
			buildConfigurationList = F56EFB662790AA7500F2A517 /* Build configuration list for PBXNativeTarget "Tip Calculator AppUITests" */;
			buildPhases = (
				F56EFB522790AA7500F2A517 /* Sources */,
				F56EFB532790AA7500F2A517 /* Frameworks */,
				F56EFB542790AA7500F2A517 /* Resources */,
			);
			buildRules = (
			);
			dependencies = (
				F56EFB582790AA7500F2A517 /* PBXTargetDependency */,
			);
			name = "Tip Calculator AppUITests";
			productName = "Tip Calculator AppUITests";
			productReference = F56EFB562790AA7500F2A517 /* Tip Calculator AppUITests.xctest */;
			productType = "com.apple.product-type.bundle.ui-testing";
		};
/* End PBXNativeTarget section */

/* Begin PBXProject section */
		F56EFB2E2790AA7200F2A517 /* Project object */ = {
			isa = PBXProject;
			attributes = {
				BuildIndependentTargetsInParallel = 1;
				LastSwiftUpdateCheck = 1320;
				LastUpgradeCheck = 1320;
				TargetAttributes = {
					F56EFB352790AA7200F2A517 = {
						CreatedOnToolsVersion = 13.2.1;
					};
					F56EFB4B2790AA7500F2A517 = {
						CreatedOnToolsVersion = 13.2.1;
						TestTargetID = F56EFB352790AA7200F2A517;
					};
					F56EFB552790AA7500F2A517 = {
						CreatedOnToolsVersion = 13.2.1;
						TestTargetID = F56EFB352790AA7200F2A517;
					};
				};
			};
			buildConfigurationList = F56EFB312790AA7200F2A517 /* Build configuration list for PBXProject "Tip Calculator App" */;
			compatibilityVersion = "Xcode 13.0";
			developmentRegion = en;
			hasScannedForEncodings = 0;
			knownRegions = (
				en,
				Base,
			);
			mainGroup = F56EFB2D2790AA7200F2A517;
			productRefGroup = F56EFB372790AA7200F2A517 /* Products */;
			projectDirPath = "";
			projectRoot = "";
			targets = (
				F56EFB352790AA7200F2A517 /* Tip Calculator App */,
				F56EFB4B2790AA7500F2A517 /* Tip Calculator AppTests */,
				F56EFB552790AA7500F2A517 /* Tip Calculator AppUITests */,
			);
		};
/* End PBXProject section */

/* Begin PBXResourcesBuildPhase section */
		F56EFB342790AA7200F2A517 /* Resources */ = {
			isa = PBXResourcesBuildPhase;
			buildActionMask = 2147483647;
			files = (
				F56EFB462790AA7500F2A517 /* LaunchScreen.storyboard in Resources */,
				F56EFB432790AA7500F2A517 /* Assets.xcassets in Resources */,
				F56EFB412790AA7200F2A517 /* Main.storyboard in Resources */,
			);
			runOnlyForDeploymentPostprocessing = 0;
		};
		F56EFB4A2790AA7500F2A517 /* Resources */ = {
			isa = PBXResourcesBuildPhase;
			buildActionMask = 2147483647;
			files = (
			);
			runOnlyForDeploymentPostprocessing = 0;
		};
		F56EFB542790AA7500F2A517 /* Resources */ = {
			isa = PBXResourcesBuildPhase;
			buildActionMask = 2147483647;
			files = (
			);
			runOnlyForDeploymentPostprocessing = 0;
		};
/* End PBXResourcesBuildPhase section */

/* Begin PBXSourcesBuildPhase section */
		F56EFB322790AA7200F2A517 /* Sources */ = {
			isa = PBXSourcesBuildPhase;
			buildActionMask = 2147483647;
			files = (
				F56EFB3E2790AA7200F2A517 /* ViewController.swift in Sources */,
				F56EFB3A2790AA7200F2A517 /* AppDelegate.swift in Sources */,
				F56EFB3C2790AA7200F2A517 /* SceneDelegate.swift in Sources */,
			);
			runOnlyForDeploymentPostprocessing = 0;
		};
		F56EFB482790AA7500F2A517 /* Sources */ = {
			isa = PBXSourcesBuildPhase;
			buildActionMask = 2147483647;
			files = (
				F56EFB512790AA7500F2A517 /* Tip_Calculator_AppTests.swift in Sources */,
			);
			runOnlyForDeploymentPostprocessing = 0;
		};
		F56EFB522790AA7500F2A517 /* Sources */ = {
			isa = PBXSourcesBuildPhase;
			buildActionMask = 2147483647;
			files = (
				F56EFB5D2790AA7500F2A517 /* Tip_Calculator_AppUITestsLaunchTests.swift in Sources */,
				F56EFB5B2790AA7500F2A517 /* Tip_Calculator_AppUITests.swift in Sources */,
			);
			runOnlyForDeploymentPostprocessing = 0;
		};
/* End PBXSourcesBuildPhase section */

/* Begin PBXTargetDependency section */
		F56EFB4E2790AA7500F2A517 /* PBXTargetDependency */ = {
			isa = PBXTargetDependency;
			target = F56EFB352790AA7200F2A517 /* Tip Calculator App */;
			targetProxy = F56EFB4D2790AA7500F2A517 /* PBXContainerItemProxy */;
		};
		F56EFB582790AA7500F2A517 /* PBXTargetDependency */ = {
			isa = PBXTargetDependency;
			target = F56EFB352790AA7200F2A517 /* Tip Calculator App */;
			targetProxy = F56EFB572790AA7500F2A517 /* PBXContainerItemProxy */;
		};
/* End PBXTargetDependency section */

/* Begin PBXVariantGroup section */
		F56EFB3F2790AA7200F2A517 /* Main.storyboard */ = {
			isa = PBXVariantGroup;
			children = (
				F56EFB402790AA7200F2A517 /* Base */,
			);
			name = Main.storyboard;
			sourceTree = "<group>";
		};
		F56EFB442790AA7500F2A517 /* LaunchScreen.storyboard */ = {
			isa = PBXVariantGroup;
			children = (
				F56EFB452790AA7500F2A517 /* Base */,
			);
			name = LaunchScreen.storyboard;
			sourceTree = "<group>";
		};
/* End PBXVariantGroup section */

/* Begin XCBuildConfiguration section */
		F56EFB5E2790AA7500F2A517 /* Debug */ = {
			isa = XCBuildConfiguration;
			buildSettings = {
				ALWAYS_SEARCH_USER_PATHS = NO;
				CLANG_ANALYZER_NONNULL = YES;
				CLANG_ANALYZER_NUMBER_OBJECT_CONVERSION = YES_AGGRESSIVE;
				CLANG_CXX_LANGUAGE_STANDARD = "gnu++17";
				CLANG_CXX_LIBRARY = "libc++";
				CLANG_ENABLE_MODULES = YES;
				CLANG_ENABLE_OBJC_ARC = YES;
				CLANG_ENABLE_OBJC_WEAK = YES;
				CLANG_WARN_BLOCK_CAPTURE_AUTORELEASING = YES;
				CLANG_WARN_BOOL_CONVERSION = YES;
				CLANG_WARN_COMMA = YES;
				CLANG_WARN_CONSTANT_CONVERSION = YES;
				CLANG_WARN_DEPRECATED_OBJC_IMPLEMENTATIONS = YES;
				CLANG_WARN_DIRECT_OBJC_ISA_USAGE = YES_ERROR;
				CLANG_WARN_DOCUMENTATION_COMMENTS = YES;
				CLANG_WARN_EMPTY_BODY = YES;
				CLANG_WARN_ENUM_CONVERSION = YES;
				CLANG_WARN_INFINITE_RECURSION = YES;
				CLANG_WARN_INT_CONVERSION = YES;
				CLANG_WARN_NON_LITERAL_NULL_CONVERSION = YES;
				CLANG_WARN_OBJC_IMPLICIT_RETAIN_SELF = YES;
				CLANG_WARN_OBJC_LITERAL_CONVERSION = YES;
				CLANG_WARN_OBJC_ROOT_CLASS = YES_ERROR;
				CLANG_WARN_QUOTED_INCLUDE_IN_FRAMEWORK_HEADER = YES;
				CLANG_WARN_RANGE_LOOP_ANALYSIS = YES;
				CLANG_WARN_STRICT_PROTOTYPES = YES;
				CLANG_WARN_SUSPICIOUS_MOVE = YES;
				CLANG_WARN_UNGUARDED_AVAILABILITY = YES_AGGRESSIVE;
				CLANG_WARN_UNREACHABLE_CODE = YES;
				CLANG_WARN__DUPLICATE_METHOD_MATCH = YES;
				COPY_PHASE_STRIP = NO;
				DEBUG_INFORMATION_FORMAT = dwarf;
				ENABLE_STRICT_OBJC_MSGSEND = YES;
				ENABLE_TESTABILITY = YES;
				GCC_C_LANGUAGE_STANDARD = gnu11;
				GCC_DYNAMIC_NO_PIC = NO;
				GCC_NO_COMMON_BLOCKS = YES;
				GCC_OPTIMIZATION_LEVEL = 0;
				GCC_PREPROCESSOR_DEFINITIONS = (
					"DEBUG=1",
					"$(inherited)",
				);
				GCC_WARN_64_TO_32_BIT_CONVERSION = YES;
				GCC_WARN_ABOUT_RETURN_TYPE = YES_ERROR;
				GCC_WARN_UNDECLARED_SELECTOR = YES;
				GCC_WARN_UNINITIALIZED_AUTOS = YES_AGGRESSIVE;
				GCC_WARN_UNUSED_FUNCTION = YES;
				GCC_WARN_UNUSED_VARIABLE = YES;
				IPHONEOS_DEPLOYMENT_TARGET = 15.2;
				MTL_ENABLE_DEBUG_INFO = INCLUDE_SOURCE;
				MTL_FAST_MATH = YES;
				ONLY_ACTIVE_ARCH = YES;
				SDKROOT = iphoneos;
				SWIFT_ACTIVE_COMPILATION_CONDITIONS = DEBUG;
				SWIFT_OPTIMIZATION_LEVEL = "-Onone";
			};
			name = Debug;
		};
		F56EFB5F2790AA7500F2A517 /* Release */ = {
			isa = XCBuildConfiguration;
			buildSettings = {
				ALWAYS_SEARCH_USER_PATHS = NO;
				CLANG_ANALYZER_NONNULL = YES;
				CLANG_ANALYZER_NUMBER_OBJECT_CONVERSION = YES_AGGRESSIVE;
				CLANG_CXX_LANGUAGE_STANDARD = "gnu++17";
				CLANG_CXX_LIBRARY = "libc++";
				CLANG_ENABLE_MODULES = YES;
				CLANG_ENABLE_OBJC_ARC = YES;
				CLANG_ENABLE_OBJC_WEAK = YES;
				CLANG_WARN_BLOCK_CAPTURE_AUTORELEASING = YES;
				CLANG_WARN_BOOL_CONVERSION = YES;
				CLANG_WARN_COMMA = YES;
				CLANG_WARN_CONSTANT_CONVERSION = YES;
				CLANG_WARN_DEPRECATED_OBJC_IMPLEMENTATIONS = YES;
				CLANG_WARN_DIRECT_OBJC_ISA_USAGE = YES_ERROR;
				CLANG_WARN_DOCUMENTATION_COMMENTS = YES;
				CLANG_WARN_EMPTY_BODY = YES;
				CLANG_WARN_ENUM_CONVERSION = YES;
				CLANG_WARN_INFINITE_RECURSION = YES;
				CLANG_WARN_INT_CONVERSION = YES;
				CLANG_WARN_NON_LITERAL_NULL_CONVERSION = YES;
				CLANG_WARN_OBJC_IMPLICIT_RETAIN_SELF = YES;
				CLANG_WARN_OBJC_LITERAL_CONVERSION = YES;
				CLANG_WARN_OBJC_ROOT_CLASS = YES_ERROR;
				CLANG_WARN_QUOTED_INCLUDE_IN_FRAMEWORK_HEADER = YES;
				CLANG_WARN_RANGE_LOOP_ANALYSIS = YES;
				CLANG_WARN_STRICT_PROTOTYPES = YES;
				CLANG_WARN_SUSPICIOUS_MOVE = YES;
				CLANG_WARN_UNGUARDED_AVAILABILITY = YES_AGGRESSIVE;
				CLANG_WARN_UNREACHABLE_CODE = YES;
				CLANG_WARN__DUPLICATE_METHOD_MATCH = YES;
				COPY_PHASE_STRIP = NO;
				DEBUG_INFORMATION_FORMAT = "dwarf-with-dsym";
				ENABLE_NS_ASSERTIONS = NO;
				ENABLE_STRICT_OBJC_MSGSEND = YES;
				GCC_C_LANGUAGE_STANDARD = gnu11;
				GCC_NO_COMMON_BLOCKS = YES;
				GCC_WARN_64_TO_32_BIT_CONVERSION = YES;
				GCC_WARN_ABOUT_RETURN_TYPE = YES_ERROR;
				GCC_WARN_UNDECLARED_SELECTOR = YES;
				GCC_WARN_UNINITIALIZED_AUTOS = YES_AGGRESSIVE;
				GCC_WARN_UNUSED_FUNCTION = YES;
				GCC_WARN_UNUSED_VARIABLE = YES;
				IPHONEOS_DEPLOYMENT_TARGET = 15.2;
				MTL_ENABLE_DEBUG_INFO = NO;
				MTL_FAST_MATH = YES;
				SDKROOT = iphoneos;
				SWIFT_COMPILATION_MODE = wholemodule;
				SWIFT_OPTIMIZATION_LEVEL = "-O";
				VALIDATE_PRODUCT = YES;
			};
			name = Release;
		};
		F56EFB612790AA7500F2A517 /* Debug */ = {
			isa = XCBuildConfiguration;
			buildSettings = {
				ASSETCATALOG_COMPILER_APPICON_NAME = AppIcon;
				ASSETCATALOG_COMPILER_GLOBAL_ACCENT_COLOR_NAME = AccentColor;
				CODE_SIGN_STYLE = Automatic;
				CURRENT_PROJECT_VERSION = 1;
				GENERATE_INFOPLIST_FILE = YES;
				INFOPLIST_FILE = "Tip Calculator App/Info.plist";
				INFOPLIST_KEY_UIApplicationSupportsIndirectInputEvents = YES;
				INFOPLIST_KEY_UILaunchStoryboardName = LaunchScreen;
				INFOPLIST_KEY_UIMainStoryboardFile = Main;
				INFOPLIST_KEY_UISupportedInterfaceOrientations_iPad = "UIInterfaceOrientationPortrait UIInterfaceOrientationPortraitUpsideDown UIInterfaceOrientationLandscapeLeft UIInterfaceOrientationLandscapeRight";
				INFOPLIST_KEY_UISupportedInterfaceOrientations_iPhone = "UIInterfaceOrientationPortrait UIInterfaceOrientationLandscapeLeft UIInterfaceOrientationLandscapeRight";
				LD_RUNPATH_SEARCH_PATHS = (
					"$(inherited)",
					"@executable_path/Frameworks",
				);
				MARKETING_VERSION = 1.0;
				PRODUCT_BUNDLE_IDENTIFIER = "com.SarahWagler.Tip-Calculator-App";
				PRODUCT_NAME = "$(TARGET_NAME)";
				SWIFT_EMIT_LOC_STRINGS = YES;
				SWIFT_VERSION = 5.0;
				TARGETED_DEVICE_FAMILY = "1,2";
			};
			name = Debug;
		};
		F56EFB622790AA7500F2A517 /* Release */ = {
			isa = XCBuildConfiguration;
			buildSettings = {
				ASSETCATALOG_COMPILER_APPICON_NAME = AppIcon;
				ASSETCATALOG_COMPILER_GLOBAL_ACCENT_COLOR_NAME = AccentColor;
				CODE_SIGN_STYLE = Automatic;
				CURRENT_PROJECT_VERSION = 1;
				GENERATE_INFOPLIST_FILE = YES;
				INFOPLIST_FILE = "Tip Calculator App/Info.plist";
				INFOPLIST_KEY_UIApplicationSupportsIndirectInputEvents = YES;
				INFOPLIST_KEY_UILaunchStoryboardName = LaunchScreen;
				INFOPLIST_KEY_UIMainStoryboardFile = Main;
				INFOPLIST_KEY_UISupportedInterfaceOrientations_iPad = "UIInterfaceOrientationPortrait UIInterfaceOrientationPortraitUpsideDown UIInterfaceOrientationLandscapeLeft UIInterfaceOrientationLandscapeRight";
				INFOPLIST_KEY_UISupportedInterfaceOrientations_iPhone = "UIInterfaceOrientationPortrait UIInterfaceOrientationLandscapeLeft UIInterfaceOrientationLandscapeRight";
				LD_RUNPATH_SEARCH_PATHS = (
					"$(inherited)",
					"@executable_path/Frameworks",
				);
				MARKETING_VERSION = 1.0;
				PRODUCT_BUNDLE_IDENTIFIER = "com.SarahWagler.Tip-Calculator-App";
				PRODUCT_NAME = "$(TARGET_NAME)";
				SWIFT_EMIT_LOC_STRINGS = YES;
				SWIFT_VERSION = 5.0;
				TARGETED_DEVICE_FAMILY = "1,2";
			};
			name = Release;
		};
		F56EFB642790AA7500F2A517 /* Debug */ = {
			isa = XCBuildConfiguration;
			buildSettings = {
				ALWAYS_EMBED_SWIFT_STANDARD_LIBRARIES = YES;
				BUNDLE_LOADER = "$(TEST_HOST)";
				CODE_SIGN_STYLE = Automatic;
				CURRENT_PROJECT_VERSION = 1;
				GENERATE_INFOPLIST_FILE = YES;
				IPHONEOS_DEPLOYMENT_TARGET = 15.2;
				MARKETING_VERSION = 1.0;
				PRODUCT_BUNDLE_IDENTIFIER = "com.SarahWagler.Tip-Calculator-AppTests";
				PRODUCT_NAME = "$(TARGET_NAME)";
				SWIFT_EMIT_LOC_STRINGS = NO;
				SWIFT_VERSION = 5.0;
				TARGETED_DEVICE_FAMILY = "1,2";
				TEST_HOST = "$(BUILT_PRODUCTS_DIR)/Tip Calculator App.app/Tip Calculator App";
			};
			name = Debug;
		};
		F56EFB652790AA7500F2A517 /* Release */ = {
			isa = XCBuildConfiguration;
			buildSettings = {
				ALWAYS_EMBED_SWIFT_STANDARD_LIBRARIES = YES;
				BUNDLE_LOADER = "$(TEST_HOST)";
				CODE_SIGN_STYLE = Automatic;
				CURRENT_PROJECT_VERSION = 1;
				GENERATE_INFOPLIST_FILE = YES;
				IPHONEOS_DEPLOYMENT_TARGET = 15.2;
				MARKETING_VERSION = 1.0;
				PRODUCT_BUNDLE_IDENTIFIER = "com.SarahWagler.Tip-Calculator-AppTests";
				PRODUCT_NAME = "$(TARGET_NAME)";
				SWIFT_EMIT_LOC_STRINGS = NO;
				SWIFT_VERSION = 5.0;
				TARGETED_DEVICE_FAMILY = "1,2";
				TEST_HOST = "$(BUILT_PRODUCTS_DIR)/Tip Calculator App.app/Tip Calculator App";
			};
			name = Release;
		};
		F56EFB672790AA7500F2A517 /* Debug */ = {
			isa = XCBuildConfiguration;
			buildSettings = {
				ALWAYS_EMBED_SWIFT_STANDARD_LIBRARIES = YES;
				CODE_SIGN_STYLE = Automatic;
				CURRENT_PROJECT_VERSION = 1;
				GENERATE_INFOPLIST_FILE = YES;
				MARKETING_VERSION = 1.0;
				PRODUCT_BUNDLE_IDENTIFIER = "com.SarahWagler.Tip-Calculator-AppUITests";
				PRODUCT_NAME = "$(TARGET_NAME)";
				SWIFT_EMIT_LOC_STRINGS = NO;
				SWIFT_VERSION = 5.0;
				TARGETED_DEVICE_FAMILY = "1,2";
				TEST_TARGET_NAME = "Tip Calculator App";
			};
			name = Debug;
		};
		F56EFB682790AA7500F2A517 /* Release */ = {
			isa = XCBuildConfiguration;
			buildSettings = {
				ALWAYS_EMBED_SWIFT_STANDARD_LIBRARIES = YES;
				CODE_SIGN_STYLE = Automatic;
				CURRENT_PROJECT_VERSION = 1;
				GENERATE_INFOPLIST_FILE = YES;
				MARKETING_VERSION = 1.0;
				PRODUCT_BUNDLE_IDENTIFIER = "com.SarahWagler.Tip-Calculator-AppUITests";
				PRODUCT_NAME = "$(TARGET_NAME)";
				SWIFT_EMIT_LOC_STRINGS = NO;
				SWIFT_VERSION = 5.0;
				TARGETED_DEVICE_FAMILY = "1,2";
				TEST_TARGET_NAME = "Tip Calculator App";
			};
			name = Release;
		};
/* End XCBuildConfiguration section */

/* Begin XCConfigurationList section */
		F56EFB312790AA7200F2A517 /* Build configuration list for PBXProject "Tip Calculator App" */ = {
			isa = XCConfigurationList;
			buildConfigurations = (
				F56EFB5E2790AA7500F2A517 /* Debug */,
				F56EFB5F2790AA7500F2A517 /* Release */,
			);
			defaultConfigurationIsVisible = 0;
			defaultConfigurationName = Release;
		};
		F56EFB602790AA7500F2A517 /* Build configuration list for PBXNativeTarget "Tip Calculator App" */ = {
			isa = XCConfigurationList;
			buildConfigurations = (
				F56EFB612790AA7500F2A517 /* Debug */,
				F56EFB622790AA7500F2A517 /* Release */,
			);
			defaultConfigurationIsVisible = 0;
			defaultConfigurationName = Release;
		};
		F56EFB632790AA7500F2A517 /* Build configuration list for PBXNativeTarget "Tip Calculator AppTests" */ = {
			isa = XCConfigurationList;
			buildConfigurations = (
				F56EFB642790AA7500F2A517 /* Debug */,
				F56EFB652790AA7500F2A517 /* Release */,
			);
			defaultConfigurationIsVisible = 0;
			defaultConfigurationName = Release;
		};
		F56EFB662790AA7500F2A517 /* Build configuration list for PBXNativeTarget "Tip Calculator AppUITests" */ = {
			isa = XCConfigurationList;
			buildConfigurations = (
				F56EFB672790AA7500F2A517 /* Debug */,
				F56EFB682790AA7500F2A517 /* Release */,
			);
			defaultConfigurationIsVisible = 0;
			defaultConfigurationName = Release;
		};
/* End XCConfigurationList section */
	};
	rootObject = F56EFB2E2790AA7200F2A517 /* Project object */;
}
